// !$*UTF8*$!
{
	archiveVersion = 1;
	classes = {
	};
	objectVersion = 46;
	objects = {

/* Begin PBXBuildFile section */
		B19561E2160EFC9900E30E55 /* UIKit.framework in Frameworks */ = {isa = PBXBuildFile; fileRef = B19561E1160EFC9900E30E55 /* UIKit.framework */; };
		B19561E4160EFC9900E30E55 /* Foundation.framework in Frameworks */ = {isa = PBXBuildFile; fileRef = B19561E3160EFC9900E30E55 /* Foundation.framework */; };
		B19561E6160EFC9900E30E55 /* CoreGraphics.framework in Frameworks */ = {isa = PBXBuildFile; fileRef = B19561E5160EFC9900E30E55 /* CoreGraphics.framework */; };
		B19561EC160EFC9900E30E55 /* InfoPlist.strings in Resources */ = {isa = PBXBuildFile; fileRef = B19561EA160EFC9900E30E55 /* InfoPlist.strings */; };
		B19561EE160EFC9900E30E55 /* main.m in Sources */ = {isa = PBXBuildFile; fileRef = B19561ED160EFC9900E30E55 /* main.m */; };
		B19561F2160EFC9A00E30E55 /* EzSampleAppDelegate.m in Sources */ = {isa = PBXBuildFile; fileRef = B19561F1160EFC9A00E30E55 /* EzSampleAppDelegate.m */; };
		B19561F4160EFC9A00E30E55 /* Default.png in Resources */ = {isa = PBXBuildFile; fileRef = B19561F3160EFC9A00E30E55 /* Default.png */; };
		B19561F6160EFC9A00E30E55 /* Default@2x.png in Resources */ = {isa = PBXBuildFile; fileRef = B19561F5160EFC9A00E30E55 /* Default@2x.png */; };
		B19561F8160EFC9A00E30E55 /* Default-568h@2x.png in Resources */ = {isa = PBXBuildFile; fileRef = B19561F7160EFC9A00E30E55 /* Default-568h@2x.png */; };
		B19561FB160EFC9A00E30E55 /* MainStoryboard.storyboard in Resources */ = {isa = PBXBuildFile; fileRef = B19561F9160EFC9A00E30E55 /* MainStoryboard.storyboard */; };
/* End PBXBuildFile section */

/* Begin PBXFileReference section */
		B19561DD160EFC9900E30E55 /* EzSample_iPhone5_CannotPushButtonByIPhone5.app */ = {isa = PBXFileReference; explicitFileType = wrapper.application; includeInIndex = 0; path = EzSample_iPhone5_CannotPushButtonByIPhone5.app; sourceTree = BUILT_PRODUCTS_DIR; };
		B19561E1160EFC9900E30E55 /* UIKit.framework */ = {isa = PBXFileReference; lastKnownFileType = wrapper.framework; name = UIKit.framework; path = System/Library/Frameworks/UIKit.framework; sourceTree = SDKROOT; };
		B19561E3160EFC9900E30E55 /* Foundation.framework */ = {isa = PBXFileReference; lastKnownFileType = wrapper.framework; name = Foundation.framework; path = System/Library/Frameworks/Foundation.framework; sourceTree = SDKROOT; };
		B19561E5160EFC9900E30E55 /* CoreGraphics.framework */ = {isa = PBXFileReference; lastKnownFileType = wrapper.framework; name = CoreGraphics.framework; path = System/Library/Frameworks/CoreGraphics.framework; sourceTree = SDKROOT; };
		B19561E9160EFC9900E30E55 /* EzSample_iPhone5_CannotPushButtonByIPhone5-Info.plist */ = {isa = PBXFileReference; lastKnownFileType = text.plist.xml; path = "EzSample_iPhone5_CannotPushButtonByIPhone5-Info.plist"; sourceTree = "<group>"; };
		B19561EB160EFC9900E30E55 /* en */ = {isa = PBXFileReference; lastKnownFileType = text.plist.strings; name = en; path = en.lproj/InfoPlist.strings; sourceTree = "<group>"; };
		B19561ED160EFC9900E30E55 /* main.m */ = {isa = PBXFileReference; lastKnownFileType = sourcecode.c.objc; path = main.m; sourceTree = "<group>"; };
		B19561EF160EFC9900E30E55 /* EzSample_iPhone5_CannotPushButtonByIPhone5-Prefix.pch */ = {isa = PBXFileReference; lastKnownFileType = sourcecode.c.h; path = "EzSample_iPhone5_CannotPushButtonByIPhone5-Prefix.pch"; sourceTree = "<group>"; };
		B19561F0160EFC9A00E30E55 /* EzSampleAppDelegate.h */ = {isa = PBXFileReference; lastKnownFileType = sourcecode.c.h; path = EzSampleAppDelegate.h; sourceTree = "<group>"; };
		B19561F1160EFC9A00E30E55 /* EzSampleAppDelegate.m */ = {isa = PBXFileReference; lastKnownFileType = sourcecode.c.objc; path = EzSampleAppDelegate.m; sourceTree = "<group>"; };
		B19561F3160EFC9A00E30E55 /* Default.png */ = {isa = PBXFileReference; lastKnownFileType = image.png; path = Default.png; sourceTree = "<group>"; };
		B19561F5160EFC9A00E30E55 /* Default@2x.png */ = {isa = PBXFileReference; lastKnownFileType = image.png; path = "Default@2x.png"; sourceTree = "<group>"; };
		B19561F7160EFC9A00E30E55 /* Default-568h@2x.png */ = {isa = PBXFileReference; lastKnownFileType = image.png; path = "Default-568h@2x.png"; sourceTree = "<group>"; };
		B19561FA160EFC9A00E30E55 /* en */ = {isa = PBXFileReference; lastKnownFileType = file.storyboard; name = en; path = en.lproj/MainStoryboard.storyboard; sourceTree = "<group>"; };
/* End PBXFileReference section */

/* Begin PBXFrameworksBuildPhase section */
		B19561DA160EFC9900E30E55 /* Frameworks */ = {
			isa = PBXFrameworksBuildPhase;
			buildActionMask = 2147483647;
			files = (
				B19561E2160EFC9900E30E55 /* UIKit.framework in Frameworks */,
				B19561E4160EFC9900E30E55 /* Foundation.framework in Frameworks */,
				B19561E6160EFC9900E30E55 /* CoreGraphics.framework in Frameworks */,
			);
			runOnlyForDeploymentPostprocessing = 0;
		};
/* End PBXFrameworksBuildPhase section */

/* Begin PBXGroup section */
		B19561D2160EFC9900E30E55 = {
			isa = PBXGroup;
			children = (
				B19561E7160EFC9900E30E55 /* CannotPushButtonByIPhone5 */,
				B19561E0160EFC9900E30E55 /* Frameworks */,
				B19561DE160EFC9900E30E55 /* Products */,
			);
			sourceTree = "<group>";
		};
		B19561DE160EFC9900E30E55 /* Products */ = {
			isa = PBXGroup;
			children = (
				B19561DD160EFC9900E30E55 /* EzSample_iPhone5_CannotPushButtonByIPhone5.app */,
			);
			name = Products;
			sourceTree = "<group>";
		};
		B19561E0160EFC9900E30E55 /* Frameworks */ = {
			isa = PBXGroup;
			children = (
				B19561E1160EFC9900E30E55 /* UIKit.framework */,
				B19561E3160EFC9900E30E55 /* Foundation.framework */,
				B19561E5160EFC9900E30E55 /* CoreGraphics.framework */,
			);
			name = Frameworks;
			sourceTree = "<group>";
		};
		B19561E7160EFC9900E30E55 /* CannotPushButtonByIPhone5 */ = {
			isa = PBXGroup;
			children = (
				B19561F0160EFC9A00E30E55 /* EzSampleAppDelegate.h */,
				B19561F1160EFC9A00E30E55 /* EzSampleAppDelegate.m */,
				B19561F9160EFC9A00E30E55 /* MainStoryboard.storyboard */,
				B19561E8160EFC9900E30E55 /* Supporting Files */,
			);
			path = CannotPushButtonByIPhone5;
			sourceTree = "<group>";
		};
		B19561E8160EFC9900E30E55 /* Supporting Files */ = {
			isa = PBXGroup;
			children = (
				B19561E9160EFC9900E30E55 /* EzSample_iPhone5_CannotPushButtonByIPhone5-Info.plist */,
				B19561EA160EFC9900E30E55 /* InfoPlist.strings */,
				B19561ED160EFC9900E30E55 /* main.m */,
				B19561EF160EFC9900E30E55 /* EzSample_iPhone5_CannotPushButtonByIPhone5-Prefix.pch */,
				B19561F3160EFC9A00E30E55 /* Default.png */,
				B19561F5160EFC9A00E30E55 /* Default@2x.png */,
				B19561F7160EFC9A00E30E55 /* Default-568h@2x.png */,
			);
			name = "Supporting Files";
			sourceTree = "<group>";
		};
/* End PBXGroup section */

/* Begin PBXNativeTarget section */
		B19561DC160EFC9900E30E55 /* EzSample_iPhone5_CannotPushButtonByIPhone5 */ = {
			isa = PBXNativeTarget;
			buildConfigurationList = B195620C160EFC9A00E30E55 /* Build configuration list for PBXNativeTarget "EzSample_iPhone5_CannotPushButtonByIPhone5" */;
			buildPhases = (
				B19561D9160EFC9900E30E55 /* Sources */,
				B19561DA160EFC9900E30E55 /* Frameworks */,
				B19561DB160EFC9900E30E55 /* Resources */,
			);
			buildRules = (
			);
			dependencies = (
			);
			name = EzSample_iPhone5_CannotPushButtonByIPhone5;
			productName = CannotPushButtonByIPhone5;
			productReference = B19561DD160EFC9900E30E55 /* EzSample_iPhone5_CannotPushButtonByIPhone5.app */;
			productType = "com.apple.product-type.application";
		};
/* End PBXNativeTarget section */

/* Begin PBXProject section */
		B19561D4160EFC9900E30E55 /* Project object */ = {
			isa = PBXProject;
			attributes = {
				CLASSPREFIX = EzSample;
				LastUpgradeCheck = 0450;
				ORGANIZATIONNAME = "Tomohiro Kumagai";
			};
			buildConfigurationList = B19561D7160EFC9900E30E55 /* Build configuration list for PBXProject "EzSample_iPhone5_CannotPushButtonByIPhone5" */;
			compatibilityVersion = "Xcode 3.2";
			developmentRegion = English;
			hasScannedForEncodings = 0;
			knownRegions = (
				en,
			);
			mainGroup = B19561D2160EFC9900E30E55;
			productRefGroup = B19561DE160EFC9900E30E55 /* Products */;
			projectDirPath = "";
			projectRoot = "";
			targets = (
				B19561DC160EFC9900E30E55 /* EzSample_iPhone5_CannotPushButtonByIPhone5 */,
			);
		};
/* End PBXProject section */

/* Begin PBXResourcesBuildPhase section */
		B19561DB160EFC9900E30E55 /* Resources */ = {
			isa = PBXResourcesBuildPhase;
			buildActionMask = 2147483647;
			files = (
				B19561EC160EFC9900E30E55 /* InfoPlist.strings in Resources */,
				B19561F4160EFC9A00E30E55 /* Default.png in Resources */,
				B19561F6160EFC9A00E30E55 /* Default@2x.png in Resources */,
				B19561F8160EFC9A00E30E55 /* Default-568h@2x.png in Resources */,
				B19561FB160EFC9A00E30E55 /* MainStoryboard.storyboard in Resources */,
			);
			runOnlyForDeploymentPostprocessing = 0;
		};
/* End PBXResourcesBuildPhase section */

/* Begin PBXSourcesBuildPhase section */
		B19561D9160EFC9900E30E55 /* Sources */ = {
			isa = PBXSourcesBuildPhase;
			buildActionMask = 2147483647;
			files = (
				B19561EE160EFC9900E30E55 /* main.m in Sources */,
				B19561F2160EFC9A00E30E55 /* EzSampleAppDelegate.m in Sources */,
			);
			runOnlyForDeploymentPostprocessing = 0;
		};
/* End PBXSourcesBuildPhase section */

/* Begin PBXVariantGroup section */
		B19561EA160EFC9900E30E55 /* InfoPlist.strings */ = {
			isa = PBXVariantGroup;
			children = (
				B19561EB160EFC9900E30E55 /* en */,
			);
			name = InfoPlist.strings;
			sourceTree = "<group>";
		};
		B19561F9160EFC9A00E30E55 /* MainStoryboard.storyboard */ = {
			isa = PBXVariantGroup;
			children = (
				B19561FA160EFC9A00E30E55 /* en */,
			);
			name = MainStoryboard.storyboard;
			sourceTree = "<group>";
		};
/* End PBXVariantGroup section */

/* Begin XCBuildConfiguration section */
		B195620A160EFC9A00E30E55 /* Debug */ = {
			isa = XCBuildConfiguration;
			buildSettings = {
				ALWAYS_SEARCH_USER_PATHS = NO;
				CLANG_CXX_LANGUAGE_STANDARD = "gnu++0x";
				CLANG_CXX_LIBRARY = "libc++";
				CLANG_ENABLE_OBJC_ARC = YES;
				CLANG_WARN_EMPTY_BODY = YES;
				CLANG_WARN__DUPLICATE_METHOD_MATCH = YES;
				"CODE_SIGN_IDENTITY[sdk=iphoneos*]" = "iPhone Developer";
				COPY_PHASE_STRIP = NO;
				GCC_C_LANGUAGE_STANDARD = gnu99;
				GCC_DYNAMIC_NO_PIC = NO;
				GCC_OPTIMIZATION_LEVEL = 0;
				GCC_PREPROCESSOR_DEFINITIONS = (
					"DEBUG=1",
					"$(inherited)",
				);
				GCC_SYMBOLS_PRIVATE_EXTERN = NO;
				GCC_WARN_ABOUT_RETURN_TYPE = YES;
				GCC_WARN_UNINITIALIZED_AUTOS = YES;
				GCC_WARN_UNUSED_VARIABLE = YES;
				IPHONEOS_DEPLOYMENT_TARGET = 6.0;
				SDKROOT = iphoneos;
			};
			name = Debug;
		};
		B195620B160EFC9A00E30E55 /* Release */ = {
			isa = XCBuildConfiguration;
			buildSettings = {
				ALWAYS_SEARCH_USER_PATHS = NO;
				CLANG_CXX_LANGUAGE_STANDARD = "gnu++0x";
				CLANG_CXX_LIBRARY = "libc++";
				CLANG_ENABLE_OBJC_ARC = YES;
				CLANG_WARN_EMPTY_BODY = YES;
				CLANG_WARN__DUPLICATE_METHOD_MATCH = YES;
				"CODE_SIGN_IDENTITY[sdk=iphoneos*]" = "iPhone Developer";
				COPY_PHASE_STRIP = YES;
				GCC_C_LANGUAGE_STANDARD = gnu99;
				GCC_WARN_ABOUT_RETURN_TYPE = YES;
				GCC_WARN_UNINITIALIZED_AUTOS = YES;
				GCC_WARN_UNUSED_VARIABLE = YES;
				IPHONEOS_DEPLOYMENT_TARGET = 6.0;
				OTHER_CFLAGS = "-DNS_BLOCK_ASSERTIONS=1";
				SDKROOT = iphoneos;
				VALIDATE_PRODUCT = YES;
			};
			name = Release;
		};
		B195620D160EFC9A00E30E55 /* Debug */ = {
			isa = XCBuildConfiguration;
			buildSettings = {
				GCC_PRECOMPILE_PREFIX_HEADER = YES;
				GCC_PREFIX_HEADER = "CannotPushButtonByIPhone5/EzSample_iPhone5_CannotPushButtonByIPhone5-Prefix.pch";
				INFOPLIST_FILE = "CannotPushButtonByIPhone5/EzSample_iPhone5_CannotPushButtonByIPhone5-Info.plist";
				PRODUCT_NAME = EzSample_iPhone5_CannotPushButtonByIPhone5;
				WRAPPER_EXTENSION = app;
			};
			name = Debug;
		};
		B195620E160EFC9A00E30E55 /* Release */ = {
			isa = XCBuildConfiguration;
			buildSettings = {
				GCC_PRECOMPILE_PREFIX_HEADER = YES;
				GCC_PREFIX_HEADER = "CannotPushButtonByIPhone5/EzSample_iPhone5_CannotPushButtonByIPhone5-Prefix.pch";
				INFOPLIST_FILE = "CannotPushButtonByIPhone5/EzSample_iPhone5_CannotPushButtonByIPhone5-Info.plist";
				PRODUCT_NAME = EzSample_iPhone5_CannotPushButtonByIPhone5;
				WRAPPER_EXTENSION = app;
			};
			name = Release;
		};
/* End XCBuildConfiguration section */

/* Begin XCConfigurationList section */
		B19561D7160EFC9900E30E55 /* Build configuration list for PBXProject "EzSample_iPhone5_CannotPushButtonByIPhone5" */ = {
			isa = XCConfigurationList;
			buildConfigurations = (
				B195620A160EFC9A00E30E55 /* Debug */,
				B195620B160EFC9A00E30E55 /* Release */,
			);
			defaultConfigurationIsVisible = 0;
			defaultConfigurationName = Release;
		};
		B195620C160EFC9A00E30E55 /* Build configuration list for PBXNativeTarget "EzSample_iPhone5_CannotPushButtonByIPhone5" */ = {
			isa = XCConfigurationList;
			buildConfigurations = (
				B195620D160EFC9A00E30E55 /* Debug */,
				B195620E160EFC9A00E30E55 /* Release */,
			);
			defaultConfigurationIsVisible = 0;
			defaultConfigurationName = Release;
		};
/* End XCConfigurationList section */
	};
	rootObject = B19561D4160EFC9900E30E55 /* Project object */;
}
